<?xml version="1.0" encoding="utf-8"?>
<Project ToolsVersion="4.0" xmlns="http://schemas.microsoft.com/developer/msbuild/2003">
  <ItemGroup>
    <Filter Include="源文件">
      <UniqueIdentifier>{4FC737F1-C7A5-4376-A066-2A32D752A2FF}</UniqueIdentifier>
      <Extensions>cpp;c;cc;cxx;def;odl;idl;hpj;bat;asm;asmx</Extensions>
    </Filter>
    <Filter Include="头文件">
      <UniqueIdentifier>{93995380-89BD-4b04-88EB-625FBE52EBFB}</UniqueIdentifier>
      <Extensions>h;hh;hpp;hxx;hm;inl;inc;xsd</Extensions>
    </Filter>
    <Filter Include="资源文件">
      <UniqueIdentifier>{67DA6AB6-F800-4c08-8B7A-83BB121AAD01}</UniqueIdentifier>
      <Extensions>rc;ico;cur;bmp;dlg;rc2;rct;bin;rgs;gif;jpg;jpeg;jpe;resx;tiff;tif;png;wav;mfcribbon-ms</Extensions>
    </Filter>
    <Filter Include="XAntiDebug">
      <UniqueIdentifier>{f7a43d3a-90d2-49ab-a22e-359c4dab1657}</UniqueIdentifier>
    </Filter>
  </ItemGroup>
  <ItemGroup>
    <ClInclude Include="stdafx.h">
      <Filter>头文件</Filter>
    </ClInclude>
    <ClInclude Include="targetver.h">
      <Filter>头文件</Filter>
    </ClInclude>
    <ClInclude Include="XAntiDebug\CMemPtr.h">
      <Filter>XAntiDebug</Filter>
    </ClInclude>
    <ClInclude Include="XAntiDebug\crc32.h">
      <Filter>XAntiDebug</Filter>
    </ClInclude>
    <ClInclude Include="XAntiDebug\internal.h">
      <Filter>XAntiDebug</Filter>
    </ClInclude>
    <ClInclude Include="XAntiDebug\ldasm.h">
      <Filter>XAntiDebug</Filter>
    </ClInclude>
    <ClInclude Include="XAntiDebug\wow64ext.h">
      <Filter>XAntiDebug</Filter>
    </ClInclude>
    <ClInclude Include="XAntiDebug\XAntiDebug.h">
      <Filter>XAntiDebug</Filter>
    </ClInclude>
    <ClInclude Include="XAntiDebug\sdkext.h">
      <Filter>XAntiDebug</Filter>
    </ClInclude>
  </ItemGroup>
  <ItemGroup>
    <ClCompile Include="stdafx.cpp">
      <Filter>源文件</Filter>
    </ClCompile>
    <ClCompile Include="example.cpp">
      <Filter>源文件</Filter>
    </ClCompile>
    <ClCompile Include="XAntiDebug\crc32.cpp">
      <Filter>XAntiDebug</Filter>
    </ClCompile>
    <ClCompile Include="XAntiDebug\ldasm.cpp">
      <Filter>XAntiDebug</Filter>
    </ClCompile>
    <ClCompile Include="XAntiDebug\wow64ext.cpp">
      <Filter>XAntiDebug</Filter>
    </ClCompile>
    <ClCompile Include="XAntiDebug\XAntiDebug.cpp">
      <Filter>XAntiDebug</Filter>
    </ClCompile>
  </ItemGroup>
  <ItemGroup>
    <None Include="XAntiDebug\_wow64ext.inl">
      <Filter>XAntiDebug</Filter>
    </None>
  </ItemGroup>
</Project>